
Microsoft Visual Studio Solution File, Format Version 11.00
# Visual Studio 2010
Project("{FAE04EC0-301F-11D3-BF4B-00C04F79EFBC}") = "WindowsPhoneHelloWorldApp", "WindowsPhoneHelloWorldApp.csproj", "{4C413C2C-2ABE-4D88-9169-72874E4F95CD}"
EndProject
Global
	GlobalSection(SolutionConfigurationPlatforms) = preSolution
		Debug|Any CPU = Debug|Any CPU
		Release|Any CPU = Release|Any CPU
	EndGlobalSection
	GlobalSection(ProjectConfigurationPlatforms) = postSolution
		{4C413C2C-2ABE-4D88-9169-72874E4F95CD}.Debug|Any CPU.ActiveCfg = Debug|Any CPU
		{4C413C2C-2ABE-4D88-9169-72874E4F95CD}.Debug|Any CPU.Build.0 = Debug|Any CPU
		{4C413C2C-2ABE-4D88-9169-72874E4F95CD}.Debug|Any CPU.Deploy.0 = Debug|Any CPU
		{4C413C2C-2ABE-4D88-9169-72874E4F95CD}.Release|Any CPU.ActiveCfg = Release|Any CPU
		{4C413C2C-2ABE-4D88-9169-72874E4F95CD}.Release|Any CPU.Build.0 = Release|Any CPU
		{4C413C2C-2ABE-4D88-9169-72874E4F95CD}.Release|Any CPU.Deploy.0 = Release|Any CPU
	EndGlobalSection
	GlobalSection(SolutionProperties) = preSolution
		HideSolutionNode = FALSE
	EndGlobalSection
EndGlobal
