
Microsoft Visual Studio Solution File, Format Version 11.00
# Visual Studio 2010
Project("{CC5FD16D-436D-48AD-A40C-5A424C6E3E79}") = "Server", "Server.ccproj", "{2B2C8707-B983-4026-AF38-38C526F78B09}"
EndProject
Project("{FAE04EC0-301F-11D3-BF4B-00C04F79EFBC}") = "MVC.Web", "MVC.Web\MVC.Web.csproj", "{B8FEFCD7-AA11-4B3D-90B3-44D8293B776F}"
EndProject
Project("{FAE04EC0-301F-11D3-BF4B-00C04F79EFBC}") = "MVC.Lib", "MVC.Lib\MVC.Lib.csproj", "{DAA01CCC-216A-4988-8425-8DBEB2B743D3}"
EndProject
Project("{FAE04EC0-301F-11D3-BF4B-00C04F79EFBC}") = "Data.Library", "Data.Library\Data.Library.csproj", "{2D5675C3-9001-4AE3-9ECC-0DF26D75201C}"
EndProject
Project("{2150E333-8FDC-42A3-9474-1A3956D46DE8}") = "Solution Items", "Solution Items", "{F70A12CA-FF11-43A7-81F4-CB132CD01DA1}"
	ProjectSection(SolutionItems) = preProject
		Local.testsettings = Local.testsettings
		Server.vsmdi = Server.vsmdi
		TraceAndTestImpact.testsettings = TraceAndTestImpact.testsettings
	EndProjectSection
EndProject
Project("{FAE04EC0-301F-11D3-BF4B-00C04F79EFBC}") = "Facebook", "Facebook\Facebook.csproj", "{857E540C-0092-4590-A279-F98A6B77AC0A}"
EndProject
Project("{FAE04EC0-301F-11D3-BF4B-00C04F79EFBC}") = "Data.Library.Test", "Data.Library.Test\Data.Library.Test.csproj", "{F74AB236-DAA3-4A90-ACF3-BF72C5FB3B6C}"
EndProject
Global
	GlobalSection(TestCaseManagementSettings) = postSolution
		CategoryFile = Server.vsmdi
	EndGlobalSection
	GlobalSection(SolutionConfigurationPlatforms) = preSolution
		Debug|Any CPU = Debug|Any CPU
		Release|Any CPU = Release|Any CPU
	EndGlobalSection
	GlobalSection(ProjectConfigurationPlatforms) = postSolution
		{2B2C8707-B983-4026-AF38-38C526F78B09}.Debug|Any CPU.ActiveCfg = Debug|Any CPU
		{2B2C8707-B983-4026-AF38-38C526F78B09}.Debug|Any CPU.Build.0 = Debug|Any CPU
		{2B2C8707-B983-4026-AF38-38C526F78B09}.Release|Any CPU.ActiveCfg = Release|Any CPU
		{2B2C8707-B983-4026-AF38-38C526F78B09}.Release|Any CPU.Build.0 = Release|Any CPU
		{B8FEFCD7-AA11-4B3D-90B3-44D8293B776F}.Debug|Any CPU.ActiveCfg = Debug|Any CPU
		{B8FEFCD7-AA11-4B3D-90B3-44D8293B776F}.Debug|Any CPU.Build.0 = Debug|Any CPU
		{B8FEFCD7-AA11-4B3D-90B3-44D8293B776F}.Release|Any CPU.ActiveCfg = Release|Any CPU
		{B8FEFCD7-AA11-4B3D-90B3-44D8293B776F}.Release|Any CPU.Build.0 = Release|Any CPU
		{DAA01CCC-216A-4988-8425-8DBEB2B743D3}.Debug|Any CPU.ActiveCfg = Debug|Any CPU
		{DAA01CCC-216A-4988-8425-8DBEB2B743D3}.Debug|Any CPU.Build.0 = Debug|Any CPU
		{DAA01CCC-216A-4988-8425-8DBEB2B743D3}.Release|Any CPU.ActiveCfg = Release|Any CPU
		{DAA01CCC-216A-4988-8425-8DBEB2B743D3}.Release|Any CPU.Build.0 = Release|Any CPU
		{2D5675C3-9001-4AE3-9ECC-0DF26D75201C}.Debug|Any CPU.ActiveCfg = Debug|Any CPU
		{2D5675C3-9001-4AE3-9ECC-0DF26D75201C}.Debug|Any CPU.Build.0 = Debug|Any CPU
		{2D5675C3-9001-4AE3-9ECC-0DF26D75201C}.Release|Any CPU.ActiveCfg = Release|Any CPU
		{2D5675C3-9001-4AE3-9ECC-0DF26D75201C}.Release|Any CPU.Build.0 = Release|Any CPU
		{857E540C-0092-4590-A279-F98A6B77AC0A}.Debug|Any CPU.ActiveCfg = Debug|Any CPU
		{857E540C-0092-4590-A279-F98A6B77AC0A}.Debug|Any CPU.Build.0 = Debug|Any CPU
		{857E540C-0092-4590-A279-F98A6B77AC0A}.Release|Any CPU.ActiveCfg = Release|Any CPU
		{857E540C-0092-4590-A279-F98A6B77AC0A}.Release|Any CPU.Build.0 = Release|Any CPU
		{F74AB236-DAA3-4A90-ACF3-BF72C5FB3B6C}.Debug|Any CPU.ActiveCfg = Debug|Any CPU
		{F74AB236-DAA3-4A90-ACF3-BF72C5FB3B6C}.Debug|Any CPU.Build.0 = Debug|Any CPU
		{F74AB236-DAA3-4A90-ACF3-BF72C5FB3B6C}.Release|Any CPU.ActiveCfg = Release|Any CPU
		{F74AB236-DAA3-4A90-ACF3-BF72C5FB3B6C}.Release|Any CPU.Build.0 = Release|Any CPU
	EndGlobalSection
	GlobalSection(SolutionProperties) = preSolution
		HideSolutionNode = FALSE
	EndGlobalSection
EndGlobal
