
Microsoft Visual Studio Solution File, Format Version 11.00
# Visual Studio 2010
Project("{CC5FD16D-436D-48AD-A40C-5A424C6E3E79}") = "Server", "Server.ccproj", "{2B2C8707-B983-4026-AF38-38C526F78B09}"
EndProject
Project("{FAE04EC0-301F-11D3-BF4B-00C04F79EFBC}") = "MVC.Web", "MVC.Web\MVC.Web.csproj", "{B8FEFCD7-AA11-4B3D-90B3-44D8293B776F}"
EndProject
Project("{FAE04EC0-301F-11D3-BF4B-00C04F79EFBC}") = "MVC.Lib", "MVC.Lib\MVC.Lib.csproj", "{DAA01CCC-216A-4988-8425-8DBEB2B743D3}"
EndProject
Project("{FAE04EC0-301F-11D3-BF4B-00C04F79EFBC}") = "Data.Library", "Data.Library\Data.Library.csproj", "{2D5675C3-9001-4AE3-9ECC-0DF26D75201C}"
EndProject
Project("{2150E333-8FDC-42A3-9474-1A3956D46DE8}") = "Solution Items", "Solution Items", "{F70A12CA-FF11-43A7-81F4-CB132CD01DA1}"
	ProjectSection(SolutionItems) = preProject
		Local.testsettings = Local.testsettings
		Server.vsmdi = Server.vsmdi
		TraceAndTestImpact.testsettings = TraceAndTestImpact.testsettings
	EndProjectSection
EndProject
Project("{FAE04EC0-301F-11D3-BF4B-00C04F79EFBC}") = "Facebook", "Facebook\Facebook.csproj", "{857E540C-0092-4590-A279-F98A6B77AC0A}"
EndProject
Project("{FAE04EC0-301F-11D3-BF4B-00C04F79EFBC}") = "Data.Library.Test", "Data.Library.Test\Data.Library.Test.csproj", "{F74AB236-DAA3-4A90-ACF3-BF72C5FB3B6C}"
EndProject
Project("{FAE04EC0-301F-11D3-BF4B-00C04F79EFBC}") = "AzureClient", "AzureClient\AzureClient.csproj", "{12EC1B0F-0532-499B-B20A-2FAF737C4B79}"
EndProject
Project("{2150E333-8FDC-42A3-9474-1A3956D46DE8}") = "Web", "Web", "{105849B5-B83B-450F-B924-EEFE2E4DDCAF}"
EndProject
Project("{2150E333-8FDC-42A3-9474-1A3956D46DE8}") = "Libraries", "Libraries", "{187DDF76-5640-49FB-9932-BFDC66A746A0}"
EndProject
Project("{FAE04EC0-301F-11D3-BF4B-00C04F79EFBC}") = "AzureWP7Client", "AzureWP7Client\AzureWP7Client.csproj", "{23C4AE18-DBD9-4190-873B-CC03AB0F7745}"
EndProject
Project("{FAE04EC0-301F-11D3-BF4B-00C04F79EFBC}") = "RestServices.Library", "RestServices.Library\RestServices.Library.csproj", "{9DE52CA6-9CD0-40B6-914A-C21DA8D99A1F}"
EndProject
Project("{2150E333-8FDC-42A3-9474-1A3956D46DE8}") = "Clients", "Clients", "{85308763-9C78-40EF-9394-AB969C54C9A7}"
EndProject
Project("{FAE04EC0-301F-11D3-BF4B-00C04F79EFBC}") = "WP7AzureClientTest", "WP7AzureClientTest\WP7AzureClientTest.csproj", "{9AD6D0D9-FDBA-4EEA-A27E-8CB5A55788E8}"
EndProject
Project("{FAE04EC0-301F-11D3-BF4B-00C04F79EFBC}") = "AzureClientTest", "AzureClientTest\AzureClientTest.csproj", "{A5BE0337-32C6-4AAF-847B-F13C96F23B8D}"
EndProject
Project("{2150E333-8FDC-42A3-9474-1A3956D46DE8}") = "Tests", "Tests", "{DA0C93F9-49FB-4957-8360-3BFB37CB9A11}"
EndProject
Global
	GlobalSection(TestCaseManagementSettings) = postSolution
		CategoryFile = Server.vsmdi
	EndGlobalSection
	GlobalSection(SolutionConfigurationPlatforms) = preSolution
		Debug|Any CPU = Debug|Any CPU
		Debug|Mixed Platforms = Debug|Mixed Platforms
		Debug|x86 = Debug|x86
		Release|Any CPU = Release|Any CPU
		Release|Mixed Platforms = Release|Mixed Platforms
		Release|x86 = Release|x86
	EndGlobalSection
	GlobalSection(ProjectConfigurationPlatforms) = postSolution
		{2B2C8707-B983-4026-AF38-38C526F78B09}.Debug|Any CPU.ActiveCfg = Debug|Any CPU
		{2B2C8707-B983-4026-AF38-38C526F78B09}.Debug|Any CPU.Build.0 = Debug|Any CPU
		{2B2C8707-B983-4026-AF38-38C526F78B09}.Debug|Mixed Platforms.ActiveCfg = Debug|Any CPU
		{2B2C8707-B983-4026-AF38-38C526F78B09}.Debug|Mixed Platforms.Build.0 = Debug|Any CPU
		{2B2C8707-B983-4026-AF38-38C526F78B09}.Debug|x86.ActiveCfg = Debug|Any CPU
		{2B2C8707-B983-4026-AF38-38C526F78B09}.Release|Any CPU.ActiveCfg = Release|Any CPU
		{2B2C8707-B983-4026-AF38-38C526F78B09}.Release|Any CPU.Build.0 = Release|Any CPU
		{2B2C8707-B983-4026-AF38-38C526F78B09}.Release|Mixed Platforms.ActiveCfg = Release|Any CPU
		{2B2C8707-B983-4026-AF38-38C526F78B09}.Release|Mixed Platforms.Build.0 = Release|Any CPU
		{2B2C8707-B983-4026-AF38-38C526F78B09}.Release|x86.ActiveCfg = Release|Any CPU
		{B8FEFCD7-AA11-4B3D-90B3-44D8293B776F}.Debug|Any CPU.ActiveCfg = Debug|Any CPU
		{B8FEFCD7-AA11-4B3D-90B3-44D8293B776F}.Debug|Any CPU.Build.0 = Debug|Any CPU
		{B8FEFCD7-AA11-4B3D-90B3-44D8293B776F}.Debug|Mixed Platforms.ActiveCfg = Debug|Any CPU
		{B8FEFCD7-AA11-4B3D-90B3-44D8293B776F}.Debug|Mixed Platforms.Build.0 = Debug|Any CPU
		{B8FEFCD7-AA11-4B3D-90B3-44D8293B776F}.Debug|x86.ActiveCfg = Debug|Any CPU
		{B8FEFCD7-AA11-4B3D-90B3-44D8293B776F}.Release|Any CPU.ActiveCfg = Release|Any CPU
		{B8FEFCD7-AA11-4B3D-90B3-44D8293B776F}.Release|Any CPU.Build.0 = Release|Any CPU
		{B8FEFCD7-AA11-4B3D-90B3-44D8293B776F}.Release|Mixed Platforms.ActiveCfg = Release|Any CPU
		{B8FEFCD7-AA11-4B3D-90B3-44D8293B776F}.Release|Mixed Platforms.Build.0 = Release|Any CPU
		{B8FEFCD7-AA11-4B3D-90B3-44D8293B776F}.Release|x86.ActiveCfg = Release|Any CPU
		{DAA01CCC-216A-4988-8425-8DBEB2B743D3}.Debug|Any CPU.ActiveCfg = Debug|Any CPU
		{DAA01CCC-216A-4988-8425-8DBEB2B743D3}.Debug|Any CPU.Build.0 = Debug|Any CPU
		{DAA01CCC-216A-4988-8425-8DBEB2B743D3}.Debug|Mixed Platforms.ActiveCfg = Debug|Any CPU
		{DAA01CCC-216A-4988-8425-8DBEB2B743D3}.Debug|Mixed Platforms.Build.0 = Debug|Any CPU
		{DAA01CCC-216A-4988-8425-8DBEB2B743D3}.Debug|x86.ActiveCfg = Debug|Any CPU
		{DAA01CCC-216A-4988-8425-8DBEB2B743D3}.Release|Any CPU.ActiveCfg = Release|Any CPU
		{DAA01CCC-216A-4988-8425-8DBEB2B743D3}.Release|Any CPU.Build.0 = Release|Any CPU
		{DAA01CCC-216A-4988-8425-8DBEB2B743D3}.Release|Mixed Platforms.ActiveCfg = Release|Any CPU
		{DAA01CCC-216A-4988-8425-8DBEB2B743D3}.Release|Mixed Platforms.Build.0 = Release|Any CPU
		{DAA01CCC-216A-4988-8425-8DBEB2B743D3}.Release|x86.ActiveCfg = Release|Any CPU
		{2D5675C3-9001-4AE3-9ECC-0DF26D75201C}.Debug|Any CPU.ActiveCfg = Debug|Any CPU
		{2D5675C3-9001-4AE3-9ECC-0DF26D75201C}.Debug|Any CPU.Build.0 = Debug|Any CPU
		{2D5675C3-9001-4AE3-9ECC-0DF26D75201C}.Debug|Mixed Platforms.ActiveCfg = Debug|Any CPU
		{2D5675C3-9001-4AE3-9ECC-0DF26D75201C}.Debug|Mixed Platforms.Build.0 = Debug|Any CPU
		{2D5675C3-9001-4AE3-9ECC-0DF26D75201C}.Debug|x86.ActiveCfg = Debug|Any CPU
		{2D5675C3-9001-4AE3-9ECC-0DF26D75201C}.Release|Any CPU.ActiveCfg = Release|Any CPU
		{2D5675C3-9001-4AE3-9ECC-0DF26D75201C}.Release|Any CPU.Build.0 = Release|Any CPU
		{2D5675C3-9001-4AE3-9ECC-0DF26D75201C}.Release|Mixed Platforms.ActiveCfg = Release|Any CPU
		{2D5675C3-9001-4AE3-9ECC-0DF26D75201C}.Release|Mixed Platforms.Build.0 = Release|Any CPU
		{2D5675C3-9001-4AE3-9ECC-0DF26D75201C}.Release|x86.ActiveCfg = Release|Any CPU
		{857E540C-0092-4590-A279-F98A6B77AC0A}.Debug|Any CPU.ActiveCfg = Debug|Any CPU
		{857E540C-0092-4590-A279-F98A6B77AC0A}.Debug|Any CPU.Build.0 = Debug|Any CPU
		{857E540C-0092-4590-A279-F98A6B77AC0A}.Debug|Mixed Platforms.ActiveCfg = Debug|Any CPU
		{857E540C-0092-4590-A279-F98A6B77AC0A}.Debug|Mixed Platforms.Build.0 = Debug|Any CPU
		{857E540C-0092-4590-A279-F98A6B77AC0A}.Debug|x86.ActiveCfg = Debug|Any CPU
		{857E540C-0092-4590-A279-F98A6B77AC0A}.Release|Any CPU.ActiveCfg = Release|Any CPU
		{857E540C-0092-4590-A279-F98A6B77AC0A}.Release|Any CPU.Build.0 = Release|Any CPU
		{857E540C-0092-4590-A279-F98A6B77AC0A}.Release|Mixed Platforms.ActiveCfg = Release|Any CPU
		{857E540C-0092-4590-A279-F98A6B77AC0A}.Release|Mixed Platforms.Build.0 = Release|Any CPU
		{857E540C-0092-4590-A279-F98A6B77AC0A}.Release|x86.ActiveCfg = Release|Any CPU
		{F74AB236-DAA3-4A90-ACF3-BF72C5FB3B6C}.Debug|Any CPU.ActiveCfg = Debug|Any CPU
		{F74AB236-DAA3-4A90-ACF3-BF72C5FB3B6C}.Debug|Any CPU.Build.0 = Debug|Any CPU
		{F74AB236-DAA3-4A90-ACF3-BF72C5FB3B6C}.Debug|Mixed Platforms.ActiveCfg = Debug|Any CPU
		{F74AB236-DAA3-4A90-ACF3-BF72C5FB3B6C}.Debug|Mixed Platforms.Build.0 = Debug|Any CPU
		{F74AB236-DAA3-4A90-ACF3-BF72C5FB3B6C}.Debug|x86.ActiveCfg = Debug|Any CPU
		{F74AB236-DAA3-4A90-ACF3-BF72C5FB3B6C}.Release|Any CPU.ActiveCfg = Release|Any CPU
		{F74AB236-DAA3-4A90-ACF3-BF72C5FB3B6C}.Release|Any CPU.Build.0 = Release|Any CPU
		{F74AB236-DAA3-4A90-ACF3-BF72C5FB3B6C}.Release|Mixed Platforms.ActiveCfg = Release|Any CPU
		{F74AB236-DAA3-4A90-ACF3-BF72C5FB3B6C}.Release|Mixed Platforms.Build.0 = Release|Any CPU
		{F74AB236-DAA3-4A90-ACF3-BF72C5FB3B6C}.Release|x86.ActiveCfg = Release|Any CPU
		{12EC1B0F-0532-499B-B20A-2FAF737C4B79}.Debug|Any CPU.ActiveCfg = Debug|Any CPU
		{12EC1B0F-0532-499B-B20A-2FAF737C4B79}.Debug|Mixed Platforms.ActiveCfg = Debug|Any CPU
		{12EC1B0F-0532-499B-B20A-2FAF737C4B79}.Debug|Mixed Platforms.Build.0 = Debug|Any CPU
		{12EC1B0F-0532-499B-B20A-2FAF737C4B79}.Debug|x86.ActiveCfg = Debug|Any CPU
		{12EC1B0F-0532-499B-B20A-2FAF737C4B79}.Release|Any CPU.ActiveCfg = Release|Any CPU
		{12EC1B0F-0532-499B-B20A-2FAF737C4B79}.Release|Any CPU.Build.0 = Release|Any CPU
		{12EC1B0F-0532-499B-B20A-2FAF737C4B79}.Release|Mixed Platforms.ActiveCfg = Release|Any CPU
		{12EC1B0F-0532-499B-B20A-2FAF737C4B79}.Release|Mixed Platforms.Build.0 = Release|Any CPU
		{12EC1B0F-0532-499B-B20A-2FAF737C4B79}.Release|x86.ActiveCfg = Release|Any CPU
		{23C4AE18-DBD9-4190-873B-CC03AB0F7745}.Debug|Any CPU.ActiveCfg = Debug|Any CPU
		{23C4AE18-DBD9-4190-873B-CC03AB0F7745}.Debug|Any CPU.Build.0 = Debug|Any CPU
		{23C4AE18-DBD9-4190-873B-CC03AB0F7745}.Debug|Mixed Platforms.ActiveCfg = Debug|Any CPU
		{23C4AE18-DBD9-4190-873B-CC03AB0F7745}.Debug|Mixed Platforms.Build.0 = Debug|Any CPU
		{23C4AE18-DBD9-4190-873B-CC03AB0F7745}.Debug|x86.ActiveCfg = Debug|Any CPU
		{23C4AE18-DBD9-4190-873B-CC03AB0F7745}.Release|Any CPU.ActiveCfg = Release|Any CPU
		{23C4AE18-DBD9-4190-873B-CC03AB0F7745}.Release|Any CPU.Build.0 = Release|Any CPU
		{23C4AE18-DBD9-4190-873B-CC03AB0F7745}.Release|Mixed Platforms.ActiveCfg = Release|Any CPU
		{23C4AE18-DBD9-4190-873B-CC03AB0F7745}.Release|Mixed Platforms.Build.0 = Release|Any CPU
		{23C4AE18-DBD9-4190-873B-CC03AB0F7745}.Release|x86.ActiveCfg = Release|Any CPU
		{9DE52CA6-9CD0-40B6-914A-C21DA8D99A1F}.Debug|Any CPU.ActiveCfg = Debug|Any CPU
		{9DE52CA6-9CD0-40B6-914A-C21DA8D99A1F}.Debug|Any CPU.Build.0 = Debug|Any CPU
		{9DE52CA6-9CD0-40B6-914A-C21DA8D99A1F}.Debug|Mixed Platforms.ActiveCfg = Debug|Any CPU
		{9DE52CA6-9CD0-40B6-914A-C21DA8D99A1F}.Debug|Mixed Platforms.Build.0 = Debug|Any CPU
		{9DE52CA6-9CD0-40B6-914A-C21DA8D99A1F}.Debug|x86.ActiveCfg = Debug|Any CPU
		{9DE52CA6-9CD0-40B6-914A-C21DA8D99A1F}.Release|Any CPU.ActiveCfg = Release|Any CPU
		{9DE52CA6-9CD0-40B6-914A-C21DA8D99A1F}.Release|Any CPU.Build.0 = Release|Any CPU
		{9DE52CA6-9CD0-40B6-914A-C21DA8D99A1F}.Release|Mixed Platforms.ActiveCfg = Release|Any CPU
		{9DE52CA6-9CD0-40B6-914A-C21DA8D99A1F}.Release|Mixed Platforms.Build.0 = Release|Any CPU
		{9DE52CA6-9CD0-40B6-914A-C21DA8D99A1F}.Release|x86.ActiveCfg = Release|Any CPU
		{9AD6D0D9-FDBA-4EEA-A27E-8CB5A55788E8}.Debug|Any CPU.ActiveCfg = Debug|Any CPU
		{9AD6D0D9-FDBA-4EEA-A27E-8CB5A55788E8}.Debug|Any CPU.Build.0 = Debug|Any CPU
		{9AD6D0D9-FDBA-4EEA-A27E-8CB5A55788E8}.Debug|Any CPU.Deploy.0 = Debug|Any CPU
		{9AD6D0D9-FDBA-4EEA-A27E-8CB5A55788E8}.Debug|Mixed Platforms.ActiveCfg = Debug|Any CPU
		{9AD6D0D9-FDBA-4EEA-A27E-8CB5A55788E8}.Debug|Mixed Platforms.Build.0 = Debug|Any CPU
		{9AD6D0D9-FDBA-4EEA-A27E-8CB5A55788E8}.Debug|Mixed Platforms.Deploy.0 = Debug|Any CPU
		{9AD6D0D9-FDBA-4EEA-A27E-8CB5A55788E8}.Debug|x86.ActiveCfg = Debug|Any CPU
		{9AD6D0D9-FDBA-4EEA-A27E-8CB5A55788E8}.Release|Any CPU.ActiveCfg = Release|Any CPU
		{9AD6D0D9-FDBA-4EEA-A27E-8CB5A55788E8}.Release|Any CPU.Build.0 = Release|Any CPU
		{9AD6D0D9-FDBA-4EEA-A27E-8CB5A55788E8}.Release|Any CPU.Deploy.0 = Release|Any CPU
		{9AD6D0D9-FDBA-4EEA-A27E-8CB5A55788E8}.Release|Mixed Platforms.ActiveCfg = Release|Any CPU
		{9AD6D0D9-FDBA-4EEA-A27E-8CB5A55788E8}.Release|Mixed Platforms.Build.0 = Release|Any CPU
		{9AD6D0D9-FDBA-4EEA-A27E-8CB5A55788E8}.Release|Mixed Platforms.Deploy.0 = Release|Any CPU
		{9AD6D0D9-FDBA-4EEA-A27E-8CB5A55788E8}.Release|x86.ActiveCfg = Release|Any CPU
		{A5BE0337-32C6-4AAF-847B-F13C96F23B8D}.Debug|Any CPU.ActiveCfg = Debug|x86
		{A5BE0337-32C6-4AAF-847B-F13C96F23B8D}.Debug|Mixed Platforms.ActiveCfg = Debug|x86
		{A5BE0337-32C6-4AAF-847B-F13C96F23B8D}.Debug|Mixed Platforms.Build.0 = Debug|x86
		{A5BE0337-32C6-4AAF-847B-F13C96F23B8D}.Debug|x86.ActiveCfg = Debug|x86
		{A5BE0337-32C6-4AAF-847B-F13C96F23B8D}.Debug|x86.Build.0 = Debug|x86
		{A5BE0337-32C6-4AAF-847B-F13C96F23B8D}.Release|Any CPU.ActiveCfg = Release|x86
		{A5BE0337-32C6-4AAF-847B-F13C96F23B8D}.Release|Mixed Platforms.ActiveCfg = Release|x86
		{A5BE0337-32C6-4AAF-847B-F13C96F23B8D}.Release|Mixed Platforms.Build.0 = Release|x86
		{A5BE0337-32C6-4AAF-847B-F13C96F23B8D}.Release|x86.ActiveCfg = Release|x86
		{A5BE0337-32C6-4AAF-847B-F13C96F23B8D}.Release|x86.Build.0 = Release|x86
	EndGlobalSection
	GlobalSection(SolutionProperties) = preSolution
		HideSolutionNode = FALSE
	EndGlobalSection
	GlobalSection(NestedProjects) = preSolution
		{B8FEFCD7-AA11-4B3D-90B3-44D8293B776F} = {105849B5-B83B-450F-B924-EEFE2E4DDCAF}
		{DAA01CCC-216A-4988-8425-8DBEB2B743D3} = {105849B5-B83B-450F-B924-EEFE2E4DDCAF}
		{2B2C8707-B983-4026-AF38-38C526F78B09} = {105849B5-B83B-450F-B924-EEFE2E4DDCAF}
		{857E540C-0092-4590-A279-F98A6B77AC0A} = {187DDF76-5640-49FB-9932-BFDC66A746A0}
		{2D5675C3-9001-4AE3-9ECC-0DF26D75201C} = {187DDF76-5640-49FB-9932-BFDC66A746A0}
		{9DE52CA6-9CD0-40B6-914A-C21DA8D99A1F} = {187DDF76-5640-49FB-9932-BFDC66A746A0}
		{23C4AE18-DBD9-4190-873B-CC03AB0F7745} = {85308763-9C78-40EF-9394-AB969C54C9A7}
		{12EC1B0F-0532-499B-B20A-2FAF737C4B79} = {85308763-9C78-40EF-9394-AB969C54C9A7}
		{9AD6D0D9-FDBA-4EEA-A27E-8CB5A55788E8} = {DA0C93F9-49FB-4957-8360-3BFB37CB9A11}
		{A5BE0337-32C6-4AAF-847B-F13C96F23B8D} = {DA0C93F9-49FB-4957-8360-3BFB37CB9A11}
		{F74AB236-DAA3-4A90-ACF3-BF72C5FB3B6C} = {DA0C93F9-49FB-4957-8360-3BFB37CB9A11}
	EndGlobalSection
EndGlobal
