
Microsoft Visual Studio Solution File, Format Version 11.00
# Visual Studio 2010
Project("{FAE04EC0-301F-11D3-BF4B-00C04F79EFBC}") = "Client-NET4", "Client-NET4.csproj", "{CDC26398-30BB-4434-989F-BB6AF7314504}"
EndProject
Project("{FAE04EC0-301F-11D3-BF4B-00C04F79EFBC}") = "ClientLibrary-NET4", "..\ClientLibrary\ClientLibrary-NET4.csproj", "{ACDFEE1C-DDDC-4F81-AFB0-5211BFE4B07E}"
EndProject
Global
	GlobalSection(SolutionConfigurationPlatforms) = preSolution
		Debug|Any CPU = Debug|Any CPU
		Debug|Mixed Platforms = Debug|Mixed Platforms
		Debug|x86 = Debug|x86
		Release|Any CPU = Release|Any CPU
		Release|Mixed Platforms = Release|Mixed Platforms
		Release|x86 = Release|x86
	EndGlobalSection
	GlobalSection(ProjectConfigurationPlatforms) = postSolution
		{CDC26398-30BB-4434-989F-BB6AF7314504}.Debug|Any CPU.ActiveCfg = Debug|x86
		{CDC26398-30BB-4434-989F-BB6AF7314504}.Debug|Mixed Platforms.ActiveCfg = Debug|x86
		{CDC26398-30BB-4434-989F-BB6AF7314504}.Debug|Mixed Platforms.Build.0 = Debug|x86
		{CDC26398-30BB-4434-989F-BB6AF7314504}.Debug|x86.ActiveCfg = Debug|x86
		{CDC26398-30BB-4434-989F-BB6AF7314504}.Debug|x86.Build.0 = Debug|x86
		{CDC26398-30BB-4434-989F-BB6AF7314504}.Release|Any CPU.ActiveCfg = Release|x86
		{CDC26398-30BB-4434-989F-BB6AF7314504}.Release|Mixed Platforms.ActiveCfg = Release|x86
		{CDC26398-30BB-4434-989F-BB6AF7314504}.Release|Mixed Platforms.Build.0 = Release|x86
		{CDC26398-30BB-4434-989F-BB6AF7314504}.Release|x86.ActiveCfg = Release|x86
		{CDC26398-30BB-4434-989F-BB6AF7314504}.Release|x86.Build.0 = Release|x86
		{ACDFEE1C-DDDC-4F81-AFB0-5211BFE4B07E}.Debug|Any CPU.ActiveCfg = Debug|Any CPU
		{ACDFEE1C-DDDC-4F81-AFB0-5211BFE4B07E}.Debug|Any CPU.Build.0 = Debug|Any CPU
		{ACDFEE1C-DDDC-4F81-AFB0-5211BFE4B07E}.Debug|Mixed Platforms.ActiveCfg = Debug|Any CPU
		{ACDFEE1C-DDDC-4F81-AFB0-5211BFE4B07E}.Debug|Mixed Platforms.Build.0 = Debug|Any CPU
		{ACDFEE1C-DDDC-4F81-AFB0-5211BFE4B07E}.Debug|x86.ActiveCfg = Debug|Any CPU
		{ACDFEE1C-DDDC-4F81-AFB0-5211BFE4B07E}.Release|Any CPU.ActiveCfg = Release|Any CPU
		{ACDFEE1C-DDDC-4F81-AFB0-5211BFE4B07E}.Release|Any CPU.Build.0 = Release|Any CPU
		{ACDFEE1C-DDDC-4F81-AFB0-5211BFE4B07E}.Release|Mixed Platforms.ActiveCfg = Release|Any CPU
		{ACDFEE1C-DDDC-4F81-AFB0-5211BFE4B07E}.Release|Mixed Platforms.Build.0 = Release|Any CPU
		{ACDFEE1C-DDDC-4F81-AFB0-5211BFE4B07E}.Release|x86.ActiveCfg = Release|Any CPU
	EndGlobalSection
	GlobalSection(SolutionProperties) = preSolution
		HideSolutionNode = FALSE
	EndGlobalSection
EndGlobal
